
Microsoft Visual Studio Solution File, Format Version 12.00
# Visual Studio Version 17
VisualStudioVersion = 17.5.33424.131
MinimumVisualStudioVersion = 10.0.40219.1
Project("{FAE04EC0-301F-11D3-BF4B-00C04F79EFBC}") = "Semestralni_prace_DB_CSCH_2", "Semestralni_prace_DB_CSCH_2\Semestralni_prace_DB_CSCH_2.csproj", "{6A26297A-E5AF-49F7-9F97-757D8802DA20}"
EndProject
Global
	GlobalSection(SolutionConfigurationPlatforms) = preSolution
		Debug|Any CPU = Debug|Any CPU
		Release|Any CPU = Release|Any CPU
	EndGlobalSection
	GlobalSection(ProjectConfigurationPlatforms) = postSolution
		{6A26297A-E5AF-49F7-9F97-757D8802DA20}.Debug|Any CPU.ActiveCfg = Debug|Any CPU
		{6A26297A-E5AF-49F7-9F97-757D8802DA20}.Debug|Any CPU.Build.0 = Debug|Any CPU
		{6A26297A-E5AF-49F7-9F97-757D8802DA20}.Release|Any CPU.ActiveCfg = Release|Any CPU
		{6A26297A-E5AF-49F7-9F97-757D8802DA20}.Release|Any CPU.Build.0 = Release|Any CPU
	EndGlobalSection
	GlobalSection(SolutionProperties) = preSolution
		HideSolutionNode = FALSE
	EndGlobalSection
	GlobalSection(ExtensibilityGlobals) = postSolution
		SolutionGuid = {A17BD27A-9287-4A2F-88BF-B268F3529B4A}
	EndGlobalSection
EndGlobal
